
Microsoft Visual Studio Solution File, Format Version 12.00
# Visual Studio Version 16
VisualStudioVersion = 16.0.28822.285
MinimumVisualStudioVersion = 10.0.40219.1
Project("{8BC9CEB8-8B4A-11D0-8D11-00A0C91BC942}") = "Zenix_ML", "Zenix_ML.vcxproj", "{C0B156C6-DB09-4D13-8699-6DADC1CA393C}"
EndProject
Global
	GlobalSection(SharedMSBuildProjectFiles) = preSolution
		..\Core\Core.vcxitems*{c0b156c6-db09-4d13-8699-6dadc1ca393c}*SharedItemsImports = 4
		..\MLLibrary\MLLibrary.vcxitems*{c0b156c6-db09-4d13-8699-6dadc1ca393c}*SharedItemsImports = 4
	EndGlobalSection
	GlobalSection(SolutionConfigurationPlatforms) = preSolution
		Debug|x64 = Debug|x64
		Debug|x86 = Debug|x86
		RELEASE_MULTITHREAD|x64 = RELEASE_MULTITHREAD|x64
		RELEASE_MULTITHREAD|x86 = RELEASE_MULTITHREAD|x86
		Release_No_op|x64 = Release_No_op|x64
		Release_No_op|x86 = Release_No_op|x86
		Release_No_Optimization|x64 = Release_No_Optimization|x64
		Release_No_Optimization|x86 = Release_No_Optimization|x86
		Release|x64 = Release|x64
		Release|x86 = Release|x86
	EndGlobalSection
	GlobalSection(ProjectConfigurationPlatforms) = postSolution
		{C0B156C6-DB09-4D13-8699-6DADC1CA393C}.Debug|x64.ActiveCfg = Debug|x64
		{C0B156C6-DB09-4D13-8699-6DADC1CA393C}.Debug|x64.Build.0 = Debug|x64
		{C0B156C6-DB09-4D13-8699-6DADC1CA393C}.Debug|x86.ActiveCfg = Debug|Win32
		{C0B156C6-DB09-4D13-8699-6DADC1CA393C}.Debug|x86.Build.0 = Debug|Win32
		{C0B156C6-DB09-4D13-8699-6DADC1CA393C}.RELEASE_MULTITHREAD|x64.ActiveCfg = RELEASE_MULTITHREAD|x64
		{C0B156C6-DB09-4D13-8699-6DADC1CA393C}.RELEASE_MULTITHREAD|x64.Build.0 = RELEASE_MULTITHREAD|x64
		{C0B156C6-DB09-4D13-8699-6DADC1CA393C}.RELEASE_MULTITHREAD|x86.ActiveCfg = RELEASE_MULTITHREAD|Win32
		{C0B156C6-DB09-4D13-8699-6DADC1CA393C}.RELEASE_MULTITHREAD|x86.Build.0 = RELEASE_MULTITHREAD|Win32
		{C0B156C6-DB09-4D13-8699-6DADC1CA393C}.Release_No_op|x64.ActiveCfg = Release_No_op|x64
		{C0B156C6-DB09-4D13-8699-6DADC1CA393C}.Release_No_op|x64.Build.0 = Release_No_op|x64
		{C0B156C6-DB09-4D13-8699-6DADC1CA393C}.Release_No_op|x86.ActiveCfg = Release_No_op|Win32
		{C0B156C6-DB09-4D13-8699-6DADC1CA393C}.Release_No_op|x86.Build.0 = Release_No_op|Win32
		{C0B156C6-DB09-4D13-8699-6DADC1CA393C}.Release_No_Optimization|x64.ActiveCfg = Release_No_Optimization|x64
		{C0B156C6-DB09-4D13-8699-6DADC1CA393C}.Release_No_Optimization|x64.Build.0 = Release_No_Optimization|x64
		{C0B156C6-DB09-4D13-8699-6DADC1CA393C}.Release_No_Optimization|x86.ActiveCfg = Release_No_Optimization|Win32
		{C0B156C6-DB09-4D13-8699-6DADC1CA393C}.Release_No_Optimization|x86.Build.0 = Release_No_Optimization|Win32
		{C0B156C6-DB09-4D13-8699-6DADC1CA393C}.Release|x64.ActiveCfg = Release|x64
		{C0B156C6-DB09-4D13-8699-6DADC1CA393C}.Release|x64.Build.0 = Release|x64
		{C0B156C6-DB09-4D13-8699-6DADC1CA393C}.Release|x86.ActiveCfg = Release|Win32
		{C0B156C6-DB09-4D13-8699-6DADC1CA393C}.Release|x86.Build.0 = Release|Win32
	EndGlobalSection
	GlobalSection(SolutionProperties) = preSolution
		HideSolutionNode = FALSE
	EndGlobalSection
	GlobalSection(ExtensibilityGlobals) = postSolution
		SolutionGuid = {E1D6EEEF-8A83-444C-ADCD-CFDD842F6B0C}
	EndGlobalSection
EndGlobal
