<?xml version="1.0" encoding="utf-8"?>
<Project ToolsVersion="4.0" xmlns="http://schemas.microsoft.com/developer/msbuild/2003">
  <ItemGroup>
    <Filter Include="TMath">
      <UniqueIdentifier>{4d5d8147-05e5-4b11-ae0d-0ae7e061fc2b}</UniqueIdentifier>
    </Filter>
  </ItemGroup>
  <ItemGroup>
    <ClInclude Include="$(MSBuildThisFileDirectory)..\Core\vector2d.h">
      <Filter>TMath</Filter>
    </ClInclude>
    <ClInclude Include="$(MSBuildThisFileDirectory)..\Core\rounding.h">
      <Filter>TMath</Filter>
    </ClInclude>
    <ClInclude Include="$(MSBuildThisFileDirectory)rng.h">
      <Filter>TMath</Filter>
    </ClInclude>
  </ItemGroup>
  <ItemGroup>
    <ClCompile Include="$(MSBuildThisFileDirectory)..\Core\vector2d.cpp">
      <Filter>TMath</Filter>
    </ClCompile>
    <ClCompile Include="$(MSBuildThisFileDirectory)..\Core\rounding.cpp">
      <Filter>TMath</Filter>
    </ClCompile>
    <ClCompile Include="$(MSBuildThisFileDirectory)rng.cpp">
      <Filter>TMath</Filter>
    </ClCompile>
  </ItemGroup>
</Project>