<?xml version="1.0" encoding="utf-8"?>
<Project ToolsVersion="4.0" xmlns="http://schemas.microsoft.com/developer/msbuild/2003">
  <ItemGroup>
    <ClCompile Include="$(MSBuildThisFileDirectory)rounding.cpp">
      <Filter>Math</Filter>
    </ClCompile>
    <ClCompile Include="$(MSBuildThisFileDirectory)vector2d.cpp">
      <Filter>Math</Filter>
    </ClCompile>
    <ClCompile Include="$(MSBuildThisFileDirectory)game_rng.cpp">
      <Filter>Math</Filter>
    </ClCompile>
    <ClCompile Include="$(MSBuildThisFileDirectory)lite_module.cpp">
      <Filter>LiteGameModule</Filter>
    </ClCompile>
    <ClCompile Include="$(MSBuildThisFileDirectory)lite_tetris_body.cpp">
      <Filter>HardLiteGameEngine</Filter>
    </ClCompile>
    <ClCompile Include="$(MSBuildThisFileDirectory)lite_tetris_field.cpp">
      <Filter>HardLiteGameEngine</Filter>
    </ClCompile>
    <ClCompile Include="$(MSBuildThisFileDirectory)lite_renderer.cpp">
      <Filter>ConsoleRenderer</Filter>
    </ClCompile>
    <ClCompile Include="$(MSBuildThisFileDirectory)lite_api.cpp" />
  </ItemGroup>
  <ItemGroup>
    <ClInclude Include="$(MSBuildThisFileDirectory)rounding.h">
      <Filter>Math</Filter>
    </ClInclude>
    <ClInclude Include="$(MSBuildThisFileDirectory)vector2d.h">
      <Filter>Math</Filter>
    </ClInclude>
    <ClInclude Include="$(MSBuildThisFileDirectory)game_rng.h">
      <Filter>Math</Filter>
    </ClInclude>
    <ClInclude Include="$(MSBuildThisFileDirectory)lite_module.h">
      <Filter>LiteGameModule</Filter>
    </ClInclude>
    <ClInclude Include="$(MSBuildThisFileDirectory)lite_tetris_body.h">
      <Filter>HardLiteGameEngine</Filter>
    </ClInclude>
    <ClInclude Include="$(MSBuildThisFileDirectory)lite_tetris_field.h">
      <Filter>HardLiteGameEngine</Filter>
    </ClInclude>
    <ClInclude Include="$(MSBuildThisFileDirectory)lite_renderer.h">
      <Filter>ConsoleRenderer</Filter>
    </ClInclude>
    <ClInclude Include="$(MSBuildThisFileDirectory)lite_api.h" />
  </ItemGroup>
  <ItemGroup>
    <Filter Include="Math">
      <UniqueIdentifier>{1ebd0690-03f8-4f89-8695-157b189b0ebf}</UniqueIdentifier>
    </Filter>
    <Filter Include="LiteGameModule">
      <UniqueIdentifier>{ee2b2164-fc25-4a99-85ba-8cd42135306a}</UniqueIdentifier>
    </Filter>
    <Filter Include="HardLiteGameEngine">
      <UniqueIdentifier>{ae760bdb-6c14-4348-94fc-a30c524aab38}</UniqueIdentifier>
    </Filter>
    <Filter Include="ConsoleRenderer">
      <UniqueIdentifier>{9ddabfa5-6b0b-471c-ba66-a26acd4404fa}</UniqueIdentifier>
    </Filter>
  </ItemGroup>
</Project>