
Microsoft Visual Studio Solution File, Format Version 12.00
# Visual Studio Version 16
VisualStudioVersion = 16.0.28809.33
MinimumVisualStudioVersion = 10.0.40219.1
Project("{8BC9CEB8-8B4A-11D0-8D11-00A0C91BC942}") = "Core", "Core.vcxitems", "{C7D5CB17-0C8B-4575-A825-F02CBFF79CBB}"
EndProject
Project("{8BC9CEB8-8B4A-11D0-8D11-00A0C91BC942}") = "DebugConsole", "..\DebugConsole\DebugConsole.vcxproj", "{93A94113-B7BF-4215-88E5-64BF2FEDBA2F}"
EndProject
Project("{8BC9CEB8-8B4A-11D0-8D11-00A0C91BC942}") = "Zenix_ML", "..\Zenix_ML\Zenix_ML.vcxproj", "{C0B156C6-DB09-4D13-8699-6DADC1CA393C}"
EndProject
Project("{8BC9CEB8-8B4A-11D0-8D11-00A0C91BC942}") = "ZenxPlayer", "..\ZenxPlayer\ZenxPlayer.vcxproj", "{232A8192-3495-4107-8F5A-386A04AA7689}"
EndProject
Project("{8BC9CEB8-8B4A-11D0-8D11-00A0C91BC942}") = "MLLibrary", "..\MLLibrary\MLLibrary.vcxitems", "{837ACA21-89F2-4194-AF93-2A36C7DFE5DA}"
EndProject
Global
	GlobalSection(SharedMSBuildProjectFiles) = preSolution
		Core.vcxitems*{232a8192-3495-4107-8f5a-386a04aa7689}*SharedItemsImports = 4
		..\MLLibrary\MLLibrary.vcxitems*{232a8192-3495-4107-8f5a-386a04aa7689}*SharedItemsImports = 4
		..\MLLibrary\MLLibrary.vcxitems*{837aca21-89f2-4194-af93-2a36c7dfe5da}*SharedItemsImports = 9
		Core.vcxitems*{93a94113-b7bf-4215-88e5-64bf2fedba2f}*SharedItemsImports = 4
		Core.vcxitems*{c0b156c6-db09-4d13-8699-6dadc1ca393c}*SharedItemsImports = 4
		Core.vcxitems*{c7d5cb17-0c8b-4575-a825-f02cbff79cbb}*SharedItemsImports = 9
	EndGlobalSection
	GlobalSection(SolutionConfigurationPlatforms) = preSolution
		DEBUG_TIMEBASED|x64 = DEBUG_TIMEBASED|x64
		DEBUG_TIMEBASED|x86 = DEBUG_TIMEBASED|x86
		Debug|x64 = Debug|x64
		Debug|x86 = Debug|x86
		Release_No_op|x64 = Release_No_op|x64
		Release_No_op|x86 = Release_No_op|x86
		Release|x64 = Release|x64
		Release|x86 = Release|x86
	EndGlobalSection
	GlobalSection(ProjectConfigurationPlatforms) = postSolution
		{93A94113-B7BF-4215-88E5-64BF2FEDBA2F}.DEBUG_TIMEBASED|x64.ActiveCfg = DEBUG_TIMEBASED|x64
		{93A94113-B7BF-4215-88E5-64BF2FEDBA2F}.DEBUG_TIMEBASED|x64.Build.0 = DEBUG_TIMEBASED|x64
		{93A94113-B7BF-4215-88E5-64BF2FEDBA2F}.DEBUG_TIMEBASED|x86.ActiveCfg = DEBUG_TIMEBASED|Win32
		{93A94113-B7BF-4215-88E5-64BF2FEDBA2F}.DEBUG_TIMEBASED|x86.Build.0 = DEBUG_TIMEBASED|Win32
		{93A94113-B7BF-4215-88E5-64BF2FEDBA2F}.Debug|x64.ActiveCfg = Debug|x64
		{93A94113-B7BF-4215-88E5-64BF2FEDBA2F}.Debug|x64.Build.0 = Debug|x64
		{93A94113-B7BF-4215-88E5-64BF2FEDBA2F}.Debug|x86.ActiveCfg = Debug|Win32
		{93A94113-B7BF-4215-88E5-64BF2FEDBA2F}.Debug|x86.Build.0 = Debug|Win32
		{93A94113-B7BF-4215-88E5-64BF2FEDBA2F}.Release_No_op|x64.ActiveCfg = Release_No_op|x64
		{93A94113-B7BF-4215-88E5-64BF2FEDBA2F}.Release_No_op|x64.Build.0 = Release_No_op|x64
		{93A94113-B7BF-4215-88E5-64BF2FEDBA2F}.Release_No_op|x86.ActiveCfg = Release_No_op|Win32
		{93A94113-B7BF-4215-88E5-64BF2FEDBA2F}.Release_No_op|x86.Build.0 = Release_No_op|Win32
		{93A94113-B7BF-4215-88E5-64BF2FEDBA2F}.Release|x64.ActiveCfg = Release|x64
		{93A94113-B7BF-4215-88E5-64BF2FEDBA2F}.Release|x64.Build.0 = Release|x64
		{93A94113-B7BF-4215-88E5-64BF2FEDBA2F}.Release|x86.ActiveCfg = Release|Win32
		{93A94113-B7BF-4215-88E5-64BF2FEDBA2F}.Release|x86.Build.0 = Release|Win32
		{C0B156C6-DB09-4D13-8699-6DADC1CA393C}.DEBUG_TIMEBASED|x64.ActiveCfg = Debug|x64
		{C0B156C6-DB09-4D13-8699-6DADC1CA393C}.DEBUG_TIMEBASED|x64.Build.0 = Debug|x64
		{C0B156C6-DB09-4D13-8699-6DADC1CA393C}.DEBUG_TIMEBASED|x86.ActiveCfg = Debug|Win32
		{C0B156C6-DB09-4D13-8699-6DADC1CA393C}.DEBUG_TIMEBASED|x86.Build.0 = Debug|Win32
		{C0B156C6-DB09-4D13-8699-6DADC1CA393C}.Debug|x64.ActiveCfg = Debug|x64
		{C0B156C6-DB09-4D13-8699-6DADC1CA393C}.Debug|x64.Build.0 = Debug|x64
		{C0B156C6-DB09-4D13-8699-6DADC1CA393C}.Debug|x86.ActiveCfg = Debug|Win32
		{C0B156C6-DB09-4D13-8699-6DADC1CA393C}.Debug|x86.Build.0 = Debug|Win32
		{C0B156C6-DB09-4D13-8699-6DADC1CA393C}.Release_No_op|x64.ActiveCfg = Release_No_op|x64
		{C0B156C6-DB09-4D13-8699-6DADC1CA393C}.Release_No_op|x64.Build.0 = Release_No_op|x64
		{C0B156C6-DB09-4D13-8699-6DADC1CA393C}.Release_No_op|x86.ActiveCfg = Release_No_op|Win32
		{C0B156C6-DB09-4D13-8699-6DADC1CA393C}.Release_No_op|x86.Build.0 = Release_No_op|Win32
		{C0B156C6-DB09-4D13-8699-6DADC1CA393C}.Release|x64.ActiveCfg = Release|x64
		{C0B156C6-DB09-4D13-8699-6DADC1CA393C}.Release|x64.Build.0 = Release|x64
		{C0B156C6-DB09-4D13-8699-6DADC1CA393C}.Release|x86.ActiveCfg = Release|Win32
		{C0B156C6-DB09-4D13-8699-6DADC1CA393C}.Release|x86.Build.0 = Release|Win32
		{232A8192-3495-4107-8F5A-386A04AA7689}.DEBUG_TIMEBASED|x64.ActiveCfg = Debug|x64
		{232A8192-3495-4107-8F5A-386A04AA7689}.DEBUG_TIMEBASED|x64.Build.0 = Debug|x64
		{232A8192-3495-4107-8F5A-386A04AA7689}.DEBUG_TIMEBASED|x86.ActiveCfg = Debug|Win32
		{232A8192-3495-4107-8F5A-386A04AA7689}.DEBUG_TIMEBASED|x86.Build.0 = Debug|Win32
		{232A8192-3495-4107-8F5A-386A04AA7689}.Debug|x64.ActiveCfg = Debug|x64
		{232A8192-3495-4107-8F5A-386A04AA7689}.Debug|x64.Build.0 = Debug|x64
		{232A8192-3495-4107-8F5A-386A04AA7689}.Debug|x86.ActiveCfg = Debug|Win32
		{232A8192-3495-4107-8F5A-386A04AA7689}.Debug|x86.Build.0 = Debug|Win32
		{232A8192-3495-4107-8F5A-386A04AA7689}.Release_No_op|x64.ActiveCfg = Release|x64
		{232A8192-3495-4107-8F5A-386A04AA7689}.Release_No_op|x64.Build.0 = Release|x64
		{232A8192-3495-4107-8F5A-386A04AA7689}.Release_No_op|x86.ActiveCfg = Release|Win32
		{232A8192-3495-4107-8F5A-386A04AA7689}.Release_No_op|x86.Build.0 = Release|Win32
		{232A8192-3495-4107-8F5A-386A04AA7689}.Release|x64.ActiveCfg = Release|x64
		{232A8192-3495-4107-8F5A-386A04AA7689}.Release|x64.Build.0 = Release|x64
		{232A8192-3495-4107-8F5A-386A04AA7689}.Release|x86.ActiveCfg = Release|Win32
		{232A8192-3495-4107-8F5A-386A04AA7689}.Release|x86.Build.0 = Release|Win32
	EndGlobalSection
	GlobalSection(SolutionProperties) = preSolution
		HideSolutionNode = FALSE
	EndGlobalSection
	GlobalSection(ExtensibilityGlobals) = postSolution
		SolutionGuid = {59A92A22-6EE1-4D55-8ABB-AF97DA6FE581}
	EndGlobalSection
EndGlobal
