<?xml version="1.0" encoding="utf-8"?>
<Project ToolsVersion="4.0" xmlns="http://schemas.microsoft.com/developer/msbuild/2003">
  <ItemGroup>
    <ClCompile Include="$(MSBuildThisFileDirectory)rounding.cpp">
      <Filter>Math</Filter>
    </ClCompile>
    <ClCompile Include="$(MSBuildThisFileDirectory)vector2d.cpp">
      <Filter>Math</Filter>
    </ClCompile>
    <ClCompile Include="$(MSBuildThisFileDirectory)game_rng.cpp">
      <Filter>Math</Filter>
    </ClCompile>
    <ClCompile Include="$(MSBuildThisFileDirectory)tetris_body.cpp">
      <Filter>LiteGameEngine</Filter>
    </ClCompile>
    <ClCompile Include="$(MSBuildThisFileDirectory)lite_module.cpp">
      <Filter>LiteGameEngine\LiteGameModule</Filter>
    </ClCompile>
  </ItemGroup>
  <ItemGroup>
    <ClInclude Include="$(MSBuildThisFileDirectory)rounding.h">
      <Filter>Math</Filter>
    </ClInclude>
    <ClInclude Include="$(MSBuildThisFileDirectory)vector2d.h">
      <Filter>Math</Filter>
    </ClInclude>
    <ClInclude Include="$(MSBuildThisFileDirectory)game_rng.h">
      <Filter>Math</Filter>
    </ClInclude>
    <ClInclude Include="$(MSBuildThisFileDirectory)tetris_body.h">
      <Filter>LiteGameEngine</Filter>
    </ClInclude>
    <ClInclude Include="$(MSBuildThisFileDirectory)lite_module.h">
      <Filter>LiteGameEngine\LiteGameModule</Filter>
    </ClInclude>
  </ItemGroup>
  <ItemGroup>
    <Filter Include="Math">
      <UniqueIdentifier>{1ebd0690-03f8-4f89-8695-157b189b0ebf}</UniqueIdentifier>
    </Filter>
    <Filter Include="LiteGameEngine">
      <UniqueIdentifier>{13965bd6-87d7-49f4-8153-d2b067d161a1}</UniqueIdentifier>
    </Filter>
    <Filter Include="LiteGameEngine\LiteGameModule">
      <UniqueIdentifier>{ee2b2164-fc25-4a99-85ba-8cd42135306a}</UniqueIdentifier>
    </Filter>
  </ItemGroup>
</Project>