
Microsoft Visual Studio Solution File, Format Version 12.00
# Visual Studio Version 16
VisualStudioVersion = 16.0.28809.33
MinimumVisualStudioVersion = 10.0.40219.1
Project("{8BC9CEB8-8B4A-11D0-8D11-00A0C91BC942}") = "Core", "Core.vcxitems", "{C7D5CB17-0C8B-4575-A825-F02CBFF79CBB}"
EndProject
Project("{8BC9CEB8-8B4A-11D0-8D11-00A0C91BC942}") = "DebugConsole", "..\DebugConsole\DebugConsole.vcxproj", "{93A94113-B7BF-4215-88E5-64BF2FEDBA2F}"
EndProject
Project("{8BC9CEB8-8B4A-11D0-8D11-00A0C91BC942}") = "Zenix_ML", "..\Zenix_ML\Zenix_ML.vcxproj", "{C0B156C6-DB09-4D13-8699-6DADC1CA393C}"
EndProject
Project("{8BC9CEB8-8B4A-11D0-8D11-00A0C91BC942}") = "ZenxPlayer", "..\ZenxPlayer\ZenxPlayer.vcxproj", "{232A8192-3495-4107-8F5A-386A04AA7689}"
EndProject
Project("{8BC9CEB8-8B4A-11D0-8D11-00A0C91BC942}") = "MLLibrary", "..\MLLibrary\MLLibrary.vcxitems", "{837ACA21-89F2-4194-AF93-2A36C7DFE5DA}"
EndProject
Project("{8BC9CEB8-8B4A-11D0-8D11-00A0C91BC942}") = "ZenixLinux", "..\ZenixLinux\ZenixLinux.vcxproj", "{8F6FA11D-B611-4C5C-8820-2F2EF14A9E07}"
EndProject
Project("{8BC9CEB8-8B4A-11D0-8D11-00A0C91BC942}") = "ZenixWin", "..\ZenixWin\ZenixWin.vcxproj", "{84B612C8-66AC-4D37-AAAB-245A8A419FC9}"
EndProject
Project("{8BC9CEB8-8B4A-11D0-8D11-00A0C91BC942}") = "ZenixConsole", "..\ZenixConsole\ZenixConsole.vcxitems", "{6BC095B5-DE8F-4932-96C4-AF2AABED9112}"
EndProject
Project("{8BC9CEB8-8B4A-11D0-8D11-00A0C91BC942}") = "ZenoyArchitecture", "..\ZenoyArchitecture\ZenoyArchitecture.vcxitems", "{1A1EC411-9536-4C8B-BE3D-1DFE165C44CD}"
EndProject
Global
	GlobalSection(SharedMSBuildProjectFiles) = preSolution
		..\ZenoyArchitecture\ZenoyArchitecture.vcxitems*{1a1ec411-9536-4c8b-be3d-1dfe165c44cd}*SharedItemsImports = 9
		Core.vcxitems*{232a8192-3495-4107-8f5a-386a04aa7689}*SharedItemsImports = 4
		..\MLLibrary\MLLibrary.vcxitems*{232a8192-3495-4107-8f5a-386a04aa7689}*SharedItemsImports = 4
		..\ZenixConsole\ZenixConsole.vcxitems*{6bc095b5-de8f-4932-96c4-af2aabed9112}*SharedItemsImports = 9
		..\MLLibrary\MLLibrary.vcxitems*{837aca21-89f2-4194-af93-2a36c7dfe5da}*SharedItemsImports = 9
		Core.vcxitems*{8f6fa11d-b611-4c5c-8820-2f2ef14a9e07}*SharedItemsImports = 4
		..\MLLibrary\MLLibrary.vcxitems*{8f6fa11d-b611-4c5c-8820-2f2ef14a9e07}*SharedItemsImports = 4
		..\ZenixConsole\ZenixConsole.vcxitems*{8f6fa11d-b611-4c5c-8820-2f2ef14a9e07}*SharedItemsImports = 4
		Core.vcxitems*{93a94113-b7bf-4215-88e5-64bf2fedba2f}*SharedItemsImports = 4
		Core.vcxitems*{c0b156c6-db09-4d13-8699-6dadc1ca393c}*SharedItemsImports = 4
		..\MLLibrary\MLLibrary.vcxitems*{c0b156c6-db09-4d13-8699-6dadc1ca393c}*SharedItemsImports = 4
		Core.vcxitems*{c7d5cb17-0c8b-4575-a825-f02cbff79cbb}*SharedItemsImports = 9
	EndGlobalSection
	GlobalSection(SolutionConfigurationPlatforms) = preSolution
		DEBUG_TIMEBASED|ARM = DEBUG_TIMEBASED|ARM
		DEBUG_TIMEBASED|ARM64 = DEBUG_TIMEBASED|ARM64
		DEBUG_TIMEBASED|x64 = DEBUG_TIMEBASED|x64
		DEBUG_TIMEBASED|x86 = DEBUG_TIMEBASED|x86
		Debug|ARM = Debug|ARM
		Debug|ARM64 = Debug|ARM64
		Debug|x64 = Debug|x64
		Debug|x86 = Debug|x86
		Release_2|ARM = Release_2|ARM
		Release_2|ARM64 = Release_2|ARM64
		Release_2|x64 = Release_2|x64
		Release_2|x86 = Release_2|x86
		RELEASE_MULTITHREAD|ARM = RELEASE_MULTITHREAD|ARM
		RELEASE_MULTITHREAD|ARM64 = RELEASE_MULTITHREAD|ARM64
		RELEASE_MULTITHREAD|x64 = RELEASE_MULTITHREAD|x64
		RELEASE_MULTITHREAD|x86 = RELEASE_MULTITHREAD|x86
		Release_No_op|ARM = Release_No_op|ARM
		Release_No_op|ARM64 = Release_No_op|ARM64
		Release_No_op|x64 = Release_No_op|x64
		Release_No_op|x86 = Release_No_op|x86
		Release|ARM = Release|ARM
		Release|ARM64 = Release|ARM64
		Release|x64 = Release|x64
		Release|x86 = Release|x86
	EndGlobalSection
	GlobalSection(ProjectConfigurationPlatforms) = postSolution
		{93A94113-B7BF-4215-88E5-64BF2FEDBA2F}.DEBUG_TIMEBASED|ARM.ActiveCfg = DEBUG_TIMEBASED|Win32
		{93A94113-B7BF-4215-88E5-64BF2FEDBA2F}.DEBUG_TIMEBASED|ARM64.ActiveCfg = DEBUG_TIMEBASED|Win32
		{93A94113-B7BF-4215-88E5-64BF2FEDBA2F}.DEBUG_TIMEBASED|x64.ActiveCfg = DEBUG_TIMEBASED|x64
		{93A94113-B7BF-4215-88E5-64BF2FEDBA2F}.DEBUG_TIMEBASED|x64.Build.0 = DEBUG_TIMEBASED|x64
		{93A94113-B7BF-4215-88E5-64BF2FEDBA2F}.DEBUG_TIMEBASED|x86.ActiveCfg = DEBUG_TIMEBASED|Win32
		{93A94113-B7BF-4215-88E5-64BF2FEDBA2F}.DEBUG_TIMEBASED|x86.Build.0 = DEBUG_TIMEBASED|Win32
		{93A94113-B7BF-4215-88E5-64BF2FEDBA2F}.Debug|ARM.ActiveCfg = Debug|Win32
		{93A94113-B7BF-4215-88E5-64BF2FEDBA2F}.Debug|ARM64.ActiveCfg = Debug|Win32
		{93A94113-B7BF-4215-88E5-64BF2FEDBA2F}.Debug|x64.ActiveCfg = Debug|x64
		{93A94113-B7BF-4215-88E5-64BF2FEDBA2F}.Debug|x64.Build.0 = Debug|x64
		{93A94113-B7BF-4215-88E5-64BF2FEDBA2F}.Debug|x86.ActiveCfg = Debug|Win32
		{93A94113-B7BF-4215-88E5-64BF2FEDBA2F}.Debug|x86.Build.0 = Debug|Win32
		{93A94113-B7BF-4215-88E5-64BF2FEDBA2F}.Release_2|ARM.ActiveCfg = Release_No_Optimization|Win32
		{93A94113-B7BF-4215-88E5-64BF2FEDBA2F}.Release_2|ARM.Build.0 = Release_No_Optimization|Win32
		{93A94113-B7BF-4215-88E5-64BF2FEDBA2F}.Release_2|ARM64.ActiveCfg = Release_No_Optimization|Win32
		{93A94113-B7BF-4215-88E5-64BF2FEDBA2F}.Release_2|ARM64.Build.0 = Release_No_Optimization|Win32
		{93A94113-B7BF-4215-88E5-64BF2FEDBA2F}.Release_2|x64.ActiveCfg = Release_No_Optimization|x64
		{93A94113-B7BF-4215-88E5-64BF2FEDBA2F}.Release_2|x64.Build.0 = Release_No_Optimization|x64
		{93A94113-B7BF-4215-88E5-64BF2FEDBA2F}.Release_2|x86.ActiveCfg = Release_No_Optimization|Win32
		{93A94113-B7BF-4215-88E5-64BF2FEDBA2F}.Release_2|x86.Build.0 = Release_No_Optimization|Win32
		{93A94113-B7BF-4215-88E5-64BF2FEDBA2F}.RELEASE_MULTITHREAD|ARM.ActiveCfg = RELEASE_MULTITHREAD|Win32
		{93A94113-B7BF-4215-88E5-64BF2FEDBA2F}.RELEASE_MULTITHREAD|ARM64.ActiveCfg = RELEASE_MULTITHREAD|Win32
		{93A94113-B7BF-4215-88E5-64BF2FEDBA2F}.RELEASE_MULTITHREAD|x64.ActiveCfg = RELEASE_MULTITHREAD|x64
		{93A94113-B7BF-4215-88E5-64BF2FEDBA2F}.RELEASE_MULTITHREAD|x64.Build.0 = RELEASE_MULTITHREAD|x64
		{93A94113-B7BF-4215-88E5-64BF2FEDBA2F}.RELEASE_MULTITHREAD|x86.ActiveCfg = RELEASE_MULTITHREAD|Win32
		{93A94113-B7BF-4215-88E5-64BF2FEDBA2F}.RELEASE_MULTITHREAD|x86.Build.0 = RELEASE_MULTITHREAD|Win32
		{93A94113-B7BF-4215-88E5-64BF2FEDBA2F}.Release_No_op|ARM.ActiveCfg = Release_No_op|Win32
		{93A94113-B7BF-4215-88E5-64BF2FEDBA2F}.Release_No_op|ARM64.ActiveCfg = Release_No_op|Win32
		{93A94113-B7BF-4215-88E5-64BF2FEDBA2F}.Release_No_op|x64.ActiveCfg = Release_No_op|x64
		{93A94113-B7BF-4215-88E5-64BF2FEDBA2F}.Release_No_op|x64.Build.0 = Release_No_op|x64
		{93A94113-B7BF-4215-88E5-64BF2FEDBA2F}.Release_No_op|x86.ActiveCfg = Release_No_op|Win32
		{93A94113-B7BF-4215-88E5-64BF2FEDBA2F}.Release_No_op|x86.Build.0 = Release_No_op|Win32
		{93A94113-B7BF-4215-88E5-64BF2FEDBA2F}.Release|ARM.ActiveCfg = Release|Win32
		{93A94113-B7BF-4215-88E5-64BF2FEDBA2F}.Release|ARM64.ActiveCfg = Release|Win32
		{93A94113-B7BF-4215-88E5-64BF2FEDBA2F}.Release|x64.ActiveCfg = Release|x64
		{93A94113-B7BF-4215-88E5-64BF2FEDBA2F}.Release|x64.Build.0 = Release|x64
		{93A94113-B7BF-4215-88E5-64BF2FEDBA2F}.Release|x86.ActiveCfg = Release|Win32
		{93A94113-B7BF-4215-88E5-64BF2FEDBA2F}.Release|x86.Build.0 = Release|Win32
		{C0B156C6-DB09-4D13-8699-6DADC1CA393C}.DEBUG_TIMEBASED|ARM.ActiveCfg = Release|Win32
		{C0B156C6-DB09-4D13-8699-6DADC1CA393C}.DEBUG_TIMEBASED|ARM64.ActiveCfg = Release|Win32
		{C0B156C6-DB09-4D13-8699-6DADC1CA393C}.DEBUG_TIMEBASED|x64.ActiveCfg = Debug|x64
		{C0B156C6-DB09-4D13-8699-6DADC1CA393C}.DEBUG_TIMEBASED|x64.Build.0 = Debug|x64
		{C0B156C6-DB09-4D13-8699-6DADC1CA393C}.DEBUG_TIMEBASED|x86.ActiveCfg = Debug|Win32
		{C0B156C6-DB09-4D13-8699-6DADC1CA393C}.DEBUG_TIMEBASED|x86.Build.0 = Debug|Win32
		{C0B156C6-DB09-4D13-8699-6DADC1CA393C}.Debug|ARM.ActiveCfg = Debug|Win32
		{C0B156C6-DB09-4D13-8699-6DADC1CA393C}.Debug|ARM64.ActiveCfg = Debug|Win32
		{C0B156C6-DB09-4D13-8699-6DADC1CA393C}.Debug|x64.ActiveCfg = Debug|x64
		{C0B156C6-DB09-4D13-8699-6DADC1CA393C}.Debug|x64.Build.0 = Debug|x64
		{C0B156C6-DB09-4D13-8699-6DADC1CA393C}.Debug|x86.ActiveCfg = Debug|Win32
		{C0B156C6-DB09-4D13-8699-6DADC1CA393C}.Debug|x86.Build.0 = Debug|Win32
		{C0B156C6-DB09-4D13-8699-6DADC1CA393C}.Release_2|ARM.ActiveCfg = Release|x64
		{C0B156C6-DB09-4D13-8699-6DADC1CA393C}.Release_2|ARM64.ActiveCfg = Release|x64
		{C0B156C6-DB09-4D13-8699-6DADC1CA393C}.Release_2|x64.ActiveCfg = Release_No_op|x64
		{C0B156C6-DB09-4D13-8699-6DADC1CA393C}.Release_2|x86.ActiveCfg = Release_No_op|Win32
		{C0B156C6-DB09-4D13-8699-6DADC1CA393C}.RELEASE_MULTITHREAD|ARM.ActiveCfg = RELEASE_MULTITHREAD|Win32
		{C0B156C6-DB09-4D13-8699-6DADC1CA393C}.RELEASE_MULTITHREAD|ARM64.ActiveCfg = RELEASE_MULTITHREAD|Win32
		{C0B156C6-DB09-4D13-8699-6DADC1CA393C}.RELEASE_MULTITHREAD|x64.ActiveCfg = RELEASE_MULTITHREAD|x64
		{C0B156C6-DB09-4D13-8699-6DADC1CA393C}.RELEASE_MULTITHREAD|x64.Build.0 = RELEASE_MULTITHREAD|x64
		{C0B156C6-DB09-4D13-8699-6DADC1CA393C}.RELEASE_MULTITHREAD|x86.ActiveCfg = RELEASE_MULTITHREAD|Win32
		{C0B156C6-DB09-4D13-8699-6DADC1CA393C}.RELEASE_MULTITHREAD|x86.Build.0 = RELEASE_MULTITHREAD|Win32
		{C0B156C6-DB09-4D13-8699-6DADC1CA393C}.Release_No_op|ARM.ActiveCfg = Release_No_op|Win32
		{C0B156C6-DB09-4D13-8699-6DADC1CA393C}.Release_No_op|ARM64.ActiveCfg = Release_No_op|Win32
		{C0B156C6-DB09-4D13-8699-6DADC1CA393C}.Release_No_op|x64.ActiveCfg = Release_No_op|x64
		{C0B156C6-DB09-4D13-8699-6DADC1CA393C}.Release_No_op|x64.Build.0 = Release_No_op|x64
		{C0B156C6-DB09-4D13-8699-6DADC1CA393C}.Release_No_op|x86.ActiveCfg = Release_No_op|Win32
		{C0B156C6-DB09-4D13-8699-6DADC1CA393C}.Release_No_op|x86.Build.0 = Release_No_op|Win32
		{C0B156C6-DB09-4D13-8699-6DADC1CA393C}.Release|ARM.ActiveCfg = Release|Win32
		{C0B156C6-DB09-4D13-8699-6DADC1CA393C}.Release|ARM64.ActiveCfg = Release|Win32
		{C0B156C6-DB09-4D13-8699-6DADC1CA393C}.Release|x64.ActiveCfg = Release|x64
		{C0B156C6-DB09-4D13-8699-6DADC1CA393C}.Release|x64.Build.0 = Release|x64
		{C0B156C6-DB09-4D13-8699-6DADC1CA393C}.Release|x86.ActiveCfg = Release|Win32
		{C0B156C6-DB09-4D13-8699-6DADC1CA393C}.Release|x86.Build.0 = Release|Win32
		{232A8192-3495-4107-8F5A-386A04AA7689}.DEBUG_TIMEBASED|ARM.ActiveCfg = Release|Win32
		{232A8192-3495-4107-8F5A-386A04AA7689}.DEBUG_TIMEBASED|ARM.Build.0 = Release|Win32
		{232A8192-3495-4107-8F5A-386A04AA7689}.DEBUG_TIMEBASED|ARM64.ActiveCfg = Release|Win32
		{232A8192-3495-4107-8F5A-386A04AA7689}.DEBUG_TIMEBASED|ARM64.Build.0 = Release|Win32
		{232A8192-3495-4107-8F5A-386A04AA7689}.DEBUG_TIMEBASED|x64.ActiveCfg = Debug|x64
		{232A8192-3495-4107-8F5A-386A04AA7689}.DEBUG_TIMEBASED|x64.Build.0 = Debug|x64
		{232A8192-3495-4107-8F5A-386A04AA7689}.DEBUG_TIMEBASED|x86.ActiveCfg = Debug|Win32
		{232A8192-3495-4107-8F5A-386A04AA7689}.DEBUG_TIMEBASED|x86.Build.0 = Debug|Win32
		{232A8192-3495-4107-8F5A-386A04AA7689}.Debug|ARM.ActiveCfg = Debug|Win32
		{232A8192-3495-4107-8F5A-386A04AA7689}.Debug|ARM64.ActiveCfg = Debug|Win32
		{232A8192-3495-4107-8F5A-386A04AA7689}.Debug|x64.ActiveCfg = Debug|x64
		{232A8192-3495-4107-8F5A-386A04AA7689}.Debug|x64.Build.0 = Debug|x64
		{232A8192-3495-4107-8F5A-386A04AA7689}.Debug|x86.ActiveCfg = Debug|Win32
		{232A8192-3495-4107-8F5A-386A04AA7689}.Debug|x86.Build.0 = Debug|Win32
		{232A8192-3495-4107-8F5A-386A04AA7689}.Release_2|ARM.ActiveCfg = Release|x64
		{232A8192-3495-4107-8F5A-386A04AA7689}.Release_2|ARM.Build.0 = Release|x64
		{232A8192-3495-4107-8F5A-386A04AA7689}.Release_2|ARM64.ActiveCfg = Release|x64
		{232A8192-3495-4107-8F5A-386A04AA7689}.Release_2|ARM64.Build.0 = Release|x64
		{232A8192-3495-4107-8F5A-386A04AA7689}.Release_2|x64.ActiveCfg = RELEASE_MULTITHREAD|x64
		{232A8192-3495-4107-8F5A-386A04AA7689}.Release_2|x64.Build.0 = RELEASE_MULTITHREAD|x64
		{232A8192-3495-4107-8F5A-386A04AA7689}.Release_2|x86.ActiveCfg = RELEASE_MULTITHREAD|Win32
		{232A8192-3495-4107-8F5A-386A04AA7689}.Release_2|x86.Build.0 = RELEASE_MULTITHREAD|Win32
		{232A8192-3495-4107-8F5A-386A04AA7689}.RELEASE_MULTITHREAD|ARM.ActiveCfg = RELEASE_MULTITHREAD|Win32
		{232A8192-3495-4107-8F5A-386A04AA7689}.RELEASE_MULTITHREAD|ARM64.ActiveCfg = RELEASE_MULTITHREAD|Win32
		{232A8192-3495-4107-8F5A-386A04AA7689}.RELEASE_MULTITHREAD|x64.ActiveCfg = RELEASE_MULTITHREAD|x64
		{232A8192-3495-4107-8F5A-386A04AA7689}.RELEASE_MULTITHREAD|x64.Build.0 = RELEASE_MULTITHREAD|x64
		{232A8192-3495-4107-8F5A-386A04AA7689}.RELEASE_MULTITHREAD|x86.ActiveCfg = RELEASE_MULTITHREAD|Win32
		{232A8192-3495-4107-8F5A-386A04AA7689}.RELEASE_MULTITHREAD|x86.Build.0 = RELEASE_MULTITHREAD|Win32
		{232A8192-3495-4107-8F5A-386A04AA7689}.Release_No_op|ARM.ActiveCfg = Release|Win32
		{232A8192-3495-4107-8F5A-386A04AA7689}.Release_No_op|ARM.Build.0 = Release|Win32
		{232A8192-3495-4107-8F5A-386A04AA7689}.Release_No_op|ARM64.ActiveCfg = Release|Win32
		{232A8192-3495-4107-8F5A-386A04AA7689}.Release_No_op|ARM64.Build.0 = Release|Win32
		{232A8192-3495-4107-8F5A-386A04AA7689}.Release_No_op|x64.ActiveCfg = Release|x64
		{232A8192-3495-4107-8F5A-386A04AA7689}.Release_No_op|x64.Build.0 = Release|x64
		{232A8192-3495-4107-8F5A-386A04AA7689}.Release_No_op|x86.ActiveCfg = Release|Win32
		{232A8192-3495-4107-8F5A-386A04AA7689}.Release_No_op|x86.Build.0 = Release|Win32
		{232A8192-3495-4107-8F5A-386A04AA7689}.Release|ARM.ActiveCfg = Release|Win32
		{232A8192-3495-4107-8F5A-386A04AA7689}.Release|ARM64.ActiveCfg = Release|Win32
		{232A8192-3495-4107-8F5A-386A04AA7689}.Release|x64.ActiveCfg = Release|x64
		{232A8192-3495-4107-8F5A-386A04AA7689}.Release|x64.Build.0 = Release|x64
		{232A8192-3495-4107-8F5A-386A04AA7689}.Release|x86.ActiveCfg = Release|Win32
		{232A8192-3495-4107-8F5A-386A04AA7689}.Release|x86.Build.0 = Release|Win32
		{8F6FA11D-B611-4C5C-8820-2F2EF14A9E07}.DEBUG_TIMEBASED|ARM.ActiveCfg = Debug|ARM
		{8F6FA11D-B611-4C5C-8820-2F2EF14A9E07}.DEBUG_TIMEBASED|ARM.Build.0 = Debug|ARM
		{8F6FA11D-B611-4C5C-8820-2F2EF14A9E07}.DEBUG_TIMEBASED|ARM.Deploy.0 = Debug|ARM
		{8F6FA11D-B611-4C5C-8820-2F2EF14A9E07}.DEBUG_TIMEBASED|ARM64.ActiveCfg = Debug|ARM64
		{8F6FA11D-B611-4C5C-8820-2F2EF14A9E07}.DEBUG_TIMEBASED|ARM64.Build.0 = Debug|ARM64
		{8F6FA11D-B611-4C5C-8820-2F2EF14A9E07}.DEBUG_TIMEBASED|ARM64.Deploy.0 = Debug|ARM64
		{8F6FA11D-B611-4C5C-8820-2F2EF14A9E07}.DEBUG_TIMEBASED|x64.ActiveCfg = Debug|x64
		{8F6FA11D-B611-4C5C-8820-2F2EF14A9E07}.DEBUG_TIMEBASED|x64.Build.0 = Debug|x64
		{8F6FA11D-B611-4C5C-8820-2F2EF14A9E07}.DEBUG_TIMEBASED|x64.Deploy.0 = Debug|x64
		{8F6FA11D-B611-4C5C-8820-2F2EF14A9E07}.DEBUG_TIMEBASED|x86.ActiveCfg = Debug|x86
		{8F6FA11D-B611-4C5C-8820-2F2EF14A9E07}.DEBUG_TIMEBASED|x86.Build.0 = Debug|x86
		{8F6FA11D-B611-4C5C-8820-2F2EF14A9E07}.DEBUG_TIMEBASED|x86.Deploy.0 = Debug|x86
		{8F6FA11D-B611-4C5C-8820-2F2EF14A9E07}.Debug|ARM.ActiveCfg = Debug|ARM
		{8F6FA11D-B611-4C5C-8820-2F2EF14A9E07}.Debug|ARM.Build.0 = Debug|ARM
		{8F6FA11D-B611-4C5C-8820-2F2EF14A9E07}.Debug|ARM.Deploy.0 = Debug|ARM
		{8F6FA11D-B611-4C5C-8820-2F2EF14A9E07}.Debug|ARM64.ActiveCfg = Debug|ARM64
		{8F6FA11D-B611-4C5C-8820-2F2EF14A9E07}.Debug|ARM64.Build.0 = Debug|ARM64
		{8F6FA11D-B611-4C5C-8820-2F2EF14A9E07}.Debug|ARM64.Deploy.0 = Debug|ARM64
		{8F6FA11D-B611-4C5C-8820-2F2EF14A9E07}.Debug|x64.ActiveCfg = Debug|x64
		{8F6FA11D-B611-4C5C-8820-2F2EF14A9E07}.Debug|x64.Build.0 = Debug|x64
		{8F6FA11D-B611-4C5C-8820-2F2EF14A9E07}.Debug|x64.Deploy.0 = Debug|x64
		{8F6FA11D-B611-4C5C-8820-2F2EF14A9E07}.Debug|x86.ActiveCfg = Debug|x86
		{8F6FA11D-B611-4C5C-8820-2F2EF14A9E07}.Debug|x86.Build.0 = Debug|x86
		{8F6FA11D-B611-4C5C-8820-2F2EF14A9E07}.Debug|x86.Deploy.0 = Debug|x86
		{8F6FA11D-B611-4C5C-8820-2F2EF14A9E07}.Release_2|ARM.ActiveCfg = Release_2|ARM
		{8F6FA11D-B611-4C5C-8820-2F2EF14A9E07}.Release_2|ARM.Build.0 = Release_2|ARM
		{8F6FA11D-B611-4C5C-8820-2F2EF14A9E07}.Release_2|ARM.Deploy.0 = Release_2|ARM
		{8F6FA11D-B611-4C5C-8820-2F2EF14A9E07}.Release_2|ARM64.ActiveCfg = Release_2|ARM64
		{8F6FA11D-B611-4C5C-8820-2F2EF14A9E07}.Release_2|ARM64.Build.0 = Release_2|ARM64
		{8F6FA11D-B611-4C5C-8820-2F2EF14A9E07}.Release_2|ARM64.Deploy.0 = Release_2|ARM64
		{8F6FA11D-B611-4C5C-8820-2F2EF14A9E07}.Release_2|x64.ActiveCfg = Release_2|x64
		{8F6FA11D-B611-4C5C-8820-2F2EF14A9E07}.Release_2|x64.Build.0 = Release_2|x64
		{8F6FA11D-B611-4C5C-8820-2F2EF14A9E07}.Release_2|x64.Deploy.0 = Release_2|x64
		{8F6FA11D-B611-4C5C-8820-2F2EF14A9E07}.Release_2|x86.ActiveCfg = Release_2|x86
		{8F6FA11D-B611-4C5C-8820-2F2EF14A9E07}.Release_2|x86.Build.0 = Release_2|x86
		{8F6FA11D-B611-4C5C-8820-2F2EF14A9E07}.Release_2|x86.Deploy.0 = Release_2|x86
		{8F6FA11D-B611-4C5C-8820-2F2EF14A9E07}.RELEASE_MULTITHREAD|ARM.ActiveCfg = Release|ARM
		{8F6FA11D-B611-4C5C-8820-2F2EF14A9E07}.RELEASE_MULTITHREAD|ARM.Build.0 = Release|ARM
		{8F6FA11D-B611-4C5C-8820-2F2EF14A9E07}.RELEASE_MULTITHREAD|ARM.Deploy.0 = Release|ARM
		{8F6FA11D-B611-4C5C-8820-2F2EF14A9E07}.RELEASE_MULTITHREAD|ARM64.ActiveCfg = Release|ARM64
		{8F6FA11D-B611-4C5C-8820-2F2EF14A9E07}.RELEASE_MULTITHREAD|ARM64.Build.0 = Release|ARM64
		{8F6FA11D-B611-4C5C-8820-2F2EF14A9E07}.RELEASE_MULTITHREAD|ARM64.Deploy.0 = Release|ARM64
		{8F6FA11D-B611-4C5C-8820-2F2EF14A9E07}.RELEASE_MULTITHREAD|x64.ActiveCfg = Release|x64
		{8F6FA11D-B611-4C5C-8820-2F2EF14A9E07}.RELEASE_MULTITHREAD|x64.Build.0 = Release|x64
		{8F6FA11D-B611-4C5C-8820-2F2EF14A9E07}.RELEASE_MULTITHREAD|x64.Deploy.0 = Release|x64
		{8F6FA11D-B611-4C5C-8820-2F2EF14A9E07}.RELEASE_MULTITHREAD|x86.ActiveCfg = Release|x86
		{8F6FA11D-B611-4C5C-8820-2F2EF14A9E07}.RELEASE_MULTITHREAD|x86.Build.0 = Release|x86
		{8F6FA11D-B611-4C5C-8820-2F2EF14A9E07}.RELEASE_MULTITHREAD|x86.Deploy.0 = Release|x86
		{8F6FA11D-B611-4C5C-8820-2F2EF14A9E07}.Release_No_op|ARM.ActiveCfg = Release|ARM
		{8F6FA11D-B611-4C5C-8820-2F2EF14A9E07}.Release_No_op|ARM.Build.0 = Release|ARM
		{8F6FA11D-B611-4C5C-8820-2F2EF14A9E07}.Release_No_op|ARM.Deploy.0 = Release|ARM
		{8F6FA11D-B611-4C5C-8820-2F2EF14A9E07}.Release_No_op|ARM64.ActiveCfg = Release|ARM64
		{8F6FA11D-B611-4C5C-8820-2F2EF14A9E07}.Release_No_op|ARM64.Build.0 = Release|ARM64
		{8F6FA11D-B611-4C5C-8820-2F2EF14A9E07}.Release_No_op|ARM64.Deploy.0 = Release|ARM64
		{8F6FA11D-B611-4C5C-8820-2F2EF14A9E07}.Release_No_op|x64.ActiveCfg = Release|x64
		{8F6FA11D-B611-4C5C-8820-2F2EF14A9E07}.Release_No_op|x64.Build.0 = Release|x64
		{8F6FA11D-B611-4C5C-8820-2F2EF14A9E07}.Release_No_op|x64.Deploy.0 = Release|x64
		{8F6FA11D-B611-4C5C-8820-2F2EF14A9E07}.Release_No_op|x86.ActiveCfg = Release|x86
		{8F6FA11D-B611-4C5C-8820-2F2EF14A9E07}.Release_No_op|x86.Build.0 = Release|x86
		{8F6FA11D-B611-4C5C-8820-2F2EF14A9E07}.Release_No_op|x86.Deploy.0 = Release|x86
		{8F6FA11D-B611-4C5C-8820-2F2EF14A9E07}.Release|ARM.ActiveCfg = Release|ARM
		{8F6FA11D-B611-4C5C-8820-2F2EF14A9E07}.Release|ARM.Build.0 = Release|ARM
		{8F6FA11D-B611-4C5C-8820-2F2EF14A9E07}.Release|ARM.Deploy.0 = Release|ARM
		{8F6FA11D-B611-4C5C-8820-2F2EF14A9E07}.Release|ARM64.ActiveCfg = Release|ARM64
		{8F6FA11D-B611-4C5C-8820-2F2EF14A9E07}.Release|ARM64.Build.0 = Release|ARM64
		{8F6FA11D-B611-4C5C-8820-2F2EF14A9E07}.Release|ARM64.Deploy.0 = Release|ARM64
		{8F6FA11D-B611-4C5C-8820-2F2EF14A9E07}.Release|x64.ActiveCfg = Release|x64
		{8F6FA11D-B611-4C5C-8820-2F2EF14A9E07}.Release|x64.Build.0 = Release|x64
		{8F6FA11D-B611-4C5C-8820-2F2EF14A9E07}.Release|x64.Deploy.0 = Release|x64
		{8F6FA11D-B611-4C5C-8820-2F2EF14A9E07}.Release|x86.ActiveCfg = Release|x86
		{8F6FA11D-B611-4C5C-8820-2F2EF14A9E07}.Release|x86.Build.0 = Release|x86
		{8F6FA11D-B611-4C5C-8820-2F2EF14A9E07}.Release|x86.Deploy.0 = Release|x86
		{84B612C8-66AC-4D37-AAAB-245A8A419FC9}.DEBUG_TIMEBASED|ARM.ActiveCfg = Release|x64
		{84B612C8-66AC-4D37-AAAB-245A8A419FC9}.DEBUG_TIMEBASED|ARM.Build.0 = Release|x64
		{84B612C8-66AC-4D37-AAAB-245A8A419FC9}.DEBUG_TIMEBASED|ARM64.ActiveCfg = Release|x64
		{84B612C8-66AC-4D37-AAAB-245A8A419FC9}.DEBUG_TIMEBASED|ARM64.Build.0 = Release|x64
		{84B612C8-66AC-4D37-AAAB-245A8A419FC9}.DEBUG_TIMEBASED|x64.ActiveCfg = Debug|x64
		{84B612C8-66AC-4D37-AAAB-245A8A419FC9}.DEBUG_TIMEBASED|x64.Build.0 = Debug|x64
		{84B612C8-66AC-4D37-AAAB-245A8A419FC9}.DEBUG_TIMEBASED|x86.ActiveCfg = Debug|Win32
		{84B612C8-66AC-4D37-AAAB-245A8A419FC9}.DEBUG_TIMEBASED|x86.Build.0 = Debug|Win32
		{84B612C8-66AC-4D37-AAAB-245A8A419FC9}.Debug|ARM.ActiveCfg = Debug|Win32
		{84B612C8-66AC-4D37-AAAB-245A8A419FC9}.Debug|ARM64.ActiveCfg = Debug|Win32
		{84B612C8-66AC-4D37-AAAB-245A8A419FC9}.Debug|x64.ActiveCfg = Debug|x64
		{84B612C8-66AC-4D37-AAAB-245A8A419FC9}.Debug|x64.Build.0 = Debug|x64
		{84B612C8-66AC-4D37-AAAB-245A8A419FC9}.Debug|x86.ActiveCfg = Debug|Win32
		{84B612C8-66AC-4D37-AAAB-245A8A419FC9}.Debug|x86.Build.0 = Debug|Win32
		{84B612C8-66AC-4D37-AAAB-245A8A419FC9}.Release_2|ARM.ActiveCfg = Release|Win32
		{84B612C8-66AC-4D37-AAAB-245A8A419FC9}.Release_2|ARM.Build.0 = Release|Win32
		{84B612C8-66AC-4D37-AAAB-245A8A419FC9}.Release_2|ARM64.ActiveCfg = Release|Win32
		{84B612C8-66AC-4D37-AAAB-245A8A419FC9}.Release_2|ARM64.Build.0 = Release|Win32
		{84B612C8-66AC-4D37-AAAB-245A8A419FC9}.Release_2|x64.ActiveCfg = Release|x64
		{84B612C8-66AC-4D37-AAAB-245A8A419FC9}.Release_2|x64.Build.0 = Release|x64
		{84B612C8-66AC-4D37-AAAB-245A8A419FC9}.Release_2|x86.ActiveCfg = Release|Win32
		{84B612C8-66AC-4D37-AAAB-245A8A419FC9}.Release_2|x86.Build.0 = Release|Win32
		{84B612C8-66AC-4D37-AAAB-245A8A419FC9}.RELEASE_MULTITHREAD|ARM.ActiveCfg = Release|x64
		{84B612C8-66AC-4D37-AAAB-245A8A419FC9}.RELEASE_MULTITHREAD|ARM.Build.0 = Release|x64
		{84B612C8-66AC-4D37-AAAB-245A8A419FC9}.RELEASE_MULTITHREAD|ARM64.ActiveCfg = Release|x64
		{84B612C8-66AC-4D37-AAAB-245A8A419FC9}.RELEASE_MULTITHREAD|ARM64.Build.0 = Release|x64
		{84B612C8-66AC-4D37-AAAB-245A8A419FC9}.RELEASE_MULTITHREAD|x64.ActiveCfg = Release|x64
		{84B612C8-66AC-4D37-AAAB-245A8A419FC9}.RELEASE_MULTITHREAD|x64.Build.0 = Release|x64
		{84B612C8-66AC-4D37-AAAB-245A8A419FC9}.RELEASE_MULTITHREAD|x86.ActiveCfg = Release|Win32
		{84B612C8-66AC-4D37-AAAB-245A8A419FC9}.RELEASE_MULTITHREAD|x86.Build.0 = Release|Win32
		{84B612C8-66AC-4D37-AAAB-245A8A419FC9}.Release_No_op|ARM.ActiveCfg = Release|x64
		{84B612C8-66AC-4D37-AAAB-245A8A419FC9}.Release_No_op|ARM.Build.0 = Release|x64
		{84B612C8-66AC-4D37-AAAB-245A8A419FC9}.Release_No_op|ARM64.ActiveCfg = Release|x64
		{84B612C8-66AC-4D37-AAAB-245A8A419FC9}.Release_No_op|ARM64.Build.0 = Release|x64
		{84B612C8-66AC-4D37-AAAB-245A8A419FC9}.Release_No_op|x64.ActiveCfg = Release|x64
		{84B612C8-66AC-4D37-AAAB-245A8A419FC9}.Release_No_op|x64.Build.0 = Release|x64
		{84B612C8-66AC-4D37-AAAB-245A8A419FC9}.Release_No_op|x86.ActiveCfg = Release|Win32
		{84B612C8-66AC-4D37-AAAB-245A8A419FC9}.Release_No_op|x86.Build.0 = Release|Win32
		{84B612C8-66AC-4D37-AAAB-245A8A419FC9}.Release|ARM.ActiveCfg = Release|Win32
		{84B612C8-66AC-4D37-AAAB-245A8A419FC9}.Release|ARM64.ActiveCfg = Release|Win32
		{84B612C8-66AC-4D37-AAAB-245A8A419FC9}.Release|x64.ActiveCfg = Release|x64
		{84B612C8-66AC-4D37-AAAB-245A8A419FC9}.Release|x64.Build.0 = Release|x64
		{84B612C8-66AC-4D37-AAAB-245A8A419FC9}.Release|x86.ActiveCfg = Release|Win32
		{84B612C8-66AC-4D37-AAAB-245A8A419FC9}.Release|x86.Build.0 = Release|Win32
	EndGlobalSection
	GlobalSection(SolutionProperties) = preSolution
		HideSolutionNode = FALSE
	EndGlobalSection
	GlobalSection(ExtensibilityGlobals) = postSolution
		SolutionGuid = {59A92A22-6EE1-4D55-8ABB-AF97DA6FE581}
	EndGlobalSection
EndGlobal
